
Microsoft Visual Studio Solution File, Format Version 12.00
# Visual Studio Version 17
VisualStudioVersion = 17.7.34031.279
MinimumVisualStudioVersion = 10.0.40219.1
Project("{FAE04EC0-301F-11D3-BF4B-00C04F79EFBC}") = "CarRental.API", "CarRental.API\CarRental.API.csproj", "{8726FDA7-6843-40A5-8706-8FCC18E36202}"
EndProject
Global
	GlobalSection(SolutionConfigurationPlatforms) = preSolution
		Debug|Any CPU = Debug|Any CPU
		Release|Any CPU = Release|Any CPU
	EndGlobalSection
	GlobalSection(ProjectConfigurationPlatforms) = postSolution
		{8726FDA7-6843-40A5-8706-8FCC18E36202}.Debug|Any CPU.ActiveCfg = Debug|Any CPU
		{8726FDA7-6843-40A5-8706-8FCC18E36202}.Debug|Any CPU.Build.0 = Debug|Any CPU
		{8726FDA7-6843-40A5-8706-8FCC18E36202}.Release|Any CPU.ActiveCfg = Release|Any CPU
		{8726FDA7-6843-40A5-8706-8FCC18E36202}.Release|Any CPU.Build.0 = Release|Any CPU
	EndGlobalSection
	GlobalSection(SolutionProperties) = preSolution
		HideSolutionNode = FALSE
	EndGlobalSection
	GlobalSection(ExtensibilityGlobals) = postSolution
		SolutionGuid = {CEE2319A-BCA5-4AC4-B39D-CF98B357BF98}
	EndGlobalSection
EndGlobal
